<?xml version="1.0" encoding="utf-8"?>
<Project ToolsVersion="4.0" xmlns="http://schemas.microsoft.com/developer/msbuild/2003">
  <ItemGroup>
    <Filter Include="Source Files">
      <UniqueIdentifier>{4FC737F1-C7A5-4376-A066-2A32D752A2FF}</UniqueIdentifier>
      <Extensions>cpp;c;cc;cxx;c++;cppm;ixx;def;odl;idl;hpj;bat;asm;asmx</Extensions>
    </Filter>
    <Filter Include="Header Files">
      <UniqueIdentifier>{93995380-89BD-4b04-88EB-625FBE52EBFB}</UniqueIdentifier>
      <Extensions>h;hh;hpp;hxx;h++;hm;inl;inc;ipp;xsd</Extensions>
    </Filter>
    <Filter Include="Resource Files">
      <UniqueIdentifier>{67DA6AB6-F800-4c08-8B7A-83BB121AAD01}</UniqueIdentifier>
      <Extensions>rc;ico;cur;bmp;dlg;rc2;rct;bin;rgs;gif;jpg;jpeg;jpe;resx;tiff;tif;png;wav;mfcribbon-ms</Extensions>
    </Filter>
    <Filter Include="Source Files\Window">
      <UniqueIdentifier>{d7bc414e-504d-4e55-aac7-a963f5db655c}</UniqueIdentifier>
    </Filter>
    <Filter Include="Source Files\Users">
      <UniqueIdentifier>{ec7dc241-e948-4cac-ac91-b2e1df5f9fcd}</UniqueIdentifier>
    </Filter>
    <Filter Include="Source Files\Utility">
      <UniqueIdentifier>{07f9c2e3-ff86-4d91-b4c5-e469d1318eef}</UniqueIdentifier>
    </Filter>
  </ItemGroup>
  <ItemGroup>
    <ClCompile Include="main.cpp">
      <Filter>Source Files</Filter>
    </ClCompile>
    <ClCompile Include="Library.cpp">
      <Filter>Source Files</Filter>
    </ClCompile>
    <ClCompile Include="BaseConsoleWindow.cpp">
      <Filter>Source Files</Filter>
    </ClCompile>
    <ClCompile Include="W_Main.cpp">
      <Filter>Source Files\Window</Filter>
    </ClCompile>
    <ClCompile Include="WindowController.cpp">
      <Filter>Source Files\Window</Filter>
    </ClCompile>
    <ClCompile Include="W_Library_Main.cpp">
      <Filter>Source Files\Window</Filter>
    </ClCompile>
    <ClCompile Include="W_HomePage.cpp">
      <Filter>Source Files\Window</Filter>
    </ClCompile>
    <ClCompile Include="UserDataLoader.cpp">
      <Filter>Source Files\Users</Filter>
    </ClCompile>
    <ClCompile Include="SaveUtils.cpp">
      <Filter>Source Files\Utility</Filter>
    </ClCompile>
  </ItemGroup>
  <ItemGroup>
    <ClInclude Include="BaseConsoleWindow.h">
      <Filter>Header Files</Filter>
    </ClInclude>
    <ClInclude Include="Library.h">
      <Filter>Header Files</Filter>
    </ClInclude>
    <ClInclude Include="W_Main.h">
      <Filter>Source Files\Window</Filter>
    </ClInclude>
    <ClInclude Include="WindowController.h">
      <Filter>Source Files\Window</Filter>
    </ClInclude>
    <ClInclude Include="W_Library_Main.h">
      <Filter>Source Files\Window</Filter>
    </ClInclude>
    <ClInclude Include="W_HomePage.h">
      <Filter>Source Files\Window</Filter>
    </ClInclude>
    <ClInclude Include="UsersDataLoader.h">
      <Filter>Source Files\Users</Filter>
    </ClInclude>
    <ClInclude Include="SaveUtils.h">
      <Filter>Source Files\Utility</Filter>
    </ClInclude>
    <ClInclude Include="Saveable.h">
      <Filter>Source Files\Utility</Filter>
    </ClInclude>
  </ItemGroup>
</Project>